
Microsoft Visual Studio Solution File, Format Version 12.00
# Visual Studio Version 16
VisualStudioVersion = 16.0.29709.97
MinimumVisualStudioVersion = 10.0.40219.1
Project("{8BC9CEB8-8B4A-11D0-8D11-00A0C91BC942}") = "KR_2_2", "KR_2_2.vcxproj", "{C23B447F-9078-43A8-98FD-3D8B163C9E54}"
EndProject
Global
	GlobalSection(SolutionConfigurationPlatforms) = preSolution
		Debug|x64 = Debug|x64
		Debug|x86 = Debug|x86
		Release|x64 = Release|x64
		Release|x86 = Release|x86
	EndGlobalSection
	GlobalSection(ProjectConfigurationPlatforms) = postSolution
		{C23B447F-9078-43A8-98FD-3D8B163C9E54}.Debug|x64.ActiveCfg = Debug|x64
		{C23B447F-9078-43A8-98FD-3D8B163C9E54}.Debug|x64.Build.0 = Debug|x64
		{C23B447F-9078-43A8-98FD-3D8B163C9E54}.Debug|x86.ActiveCfg = Debug|Win32
		{C23B447F-9078-43A8-98FD-3D8B163C9E54}.Debug|x86.Build.0 = Debug|Win32
		{C23B447F-9078-43A8-98FD-3D8B163C9E54}.Release|x64.ActiveCfg = Release|x64
		{C23B447F-9078-43A8-98FD-3D8B163C9E54}.Release|x64.Build.0 = Release|x64
		{C23B447F-9078-43A8-98FD-3D8B163C9E54}.Release|x86.ActiveCfg = Release|Win32
		{C23B447F-9078-43A8-98FD-3D8B163C9E54}.Release|x86.Build.0 = Release|Win32
	EndGlobalSection
	GlobalSection(SolutionProperties) = preSolution
		HideSolutionNode = FALSE
	EndGlobalSection
	GlobalSection(ExtensibilityGlobals) = postSolution
		SolutionGuid = {3AC493EF-4C27-4A2C-BB14-841E689CF119}
	EndGlobalSection
EndGlobal
